
Microsoft Visual Studio Solution File, Format Version 12.00
# Visual Studio Version 16
VisualStudioVersion = 16.0.30011.22
MinimumVisualStudioVersion = 10.0.40219.1
Project("{FAE04EC0-301F-11D3-BF4B-00C04F79EFBC}") = "Projekat1", "Projekat1.csproj", "{BD267D04-2AD2-457C-AD91-AEA61ED5F8D3}"
EndProject
Global
	GlobalSection(SolutionConfigurationPlatforms) = preSolution
		Debug|Any CPU = Debug|Any CPU
		Release|Any CPU = Release|Any CPU
	EndGlobalSection
	GlobalSection(ProjectConfigurationPlatforms) = postSolution
		{BD267D04-2AD2-457C-AD91-AEA61ED5F8D3}.Debug|Any CPU.ActiveCfg = Debug|Any CPU
		{BD267D04-2AD2-457C-AD91-AEA61ED5F8D3}.Debug|Any CPU.Build.0 = Debug|Any CPU
		{BD267D04-2AD2-457C-AD91-AEA61ED5F8D3}.Release|Any CPU.ActiveCfg = Release|Any CPU
		{BD267D04-2AD2-457C-AD91-AEA61ED5F8D3}.Release|Any CPU.Build.0 = Release|Any CPU
	EndGlobalSection
	GlobalSection(SolutionProperties) = preSolution
		HideSolutionNode = FALSE
	EndGlobalSection
	GlobalSection(ExtensibilityGlobals) = postSolution
		SolutionGuid = {D17113E1-EB36-4E49-8FD5-938656655642}
	EndGlobalSection
EndGlobal
